// !$*UTF8*$!
{
	archiveVersion = 1;
	classes = {
	};
	objectVersion = 56;
	objects = {

/* Begin PBXBuildFile section */
		BB43C33E2AD04E9000084F19 /* AppDelegate.swift in Sources */ = {isa = PBXBuildFile; fileRef = BB43C33D2AD04E9000084F19 /* AppDelegate.swift */; };
		BB43C3402AD04E9000084F19 /* SceneDelegate.swift in Sources */ = {isa = PBXBuildFile; fileRef = BB43C33F2AD04E9000084F19 /* SceneDelegate.swift */; };
		BB43C3422AD04E9000084F19 /* ViewController.swift in Sources */ = {isa = PBXBuildFile; fileRef = BB43C3412AD04E9000084F19 /* ViewController.swift */; };
		BB43C3452AD04E9000084F19 /* Main.storyboard in Resources */ = {isa = PBXBuildFile; fileRef = BB43C3432AD04E9000084F19 /* Main.storyboard */; };
		BB43C3482AD04E9000084F19 /* classNotes.xcdatamodeld in Sources */ = {isa = PBXBuildFile; fileRef = BB43C3462AD04E9000084F19 /* classNotes.xcdatamodeld */; };
		BB43C34A2AD04E9100084F19 /* Assets.xcassets in Resources */ = {isa = PBXBuildFile; fileRef = BB43C3492AD04E9100084F19 /* Assets.xcassets */; };
		BB43C34D2AD04E9100084F19 /* LaunchScreen.storyboard in Resources */ = {isa = PBXBuildFile; fileRef = BB43C34B2AD04E9100084F19 /* LaunchScreen.storyboard */; };
		BB43C3582AD04E9100084F19 /* classNotesTests.swift in Sources */ = {isa = PBXBuildFile; fileRef = BB43C3572AD04E9100084F19 /* classNotesTests.swift */; };
		BB43C3622AD04E9100084F19 /* classNotesUITests.swift in Sources */ = {isa = PBXBuildFile; fileRef = BB43C3612AD04E9100084F19 /* classNotesUITests.swift */; };
		BB43C3642AD04E9100084F19 /* classNotesUITestsLaunchTests.swift in Sources */ = {isa = PBXBuildFile; fileRef = BB43C3632AD04E9100084F19 /* classNotesUITestsLaunchTests.swift */; };
/* End PBXBuildFile section */

/* Begin PBXContainerItemProxy section */
		BB43C3542AD04E9100084F19 /* PBXContainerItemProxy */ = {
			isa = PBXContainerItemProxy;
			containerPortal = BB43C3322AD04E9000084F19 /* Project object */;
			proxyType = 1;
			remoteGlobalIDString = BB43C3392AD04E9000084F19;
			remoteInfo = classNotes;
		};
		BB43C35E2AD04E9100084F19 /* PBXContainerItemProxy */ = {
			isa = PBXContainerItemProxy;
			containerPortal = BB43C3322AD04E9000084F19 /* Project object */;
			proxyType = 1;
			remoteGlobalIDString = BB43C3392AD04E9000084F19;
			remoteInfo = classNotes;
		};
/* End PBXContainerItemProxy section */

/* Begin PBXFileReference section */
		BB43C33A2AD04E9000084F19 /* classNotes.app */ = {isa = PBXFileReference; explicitFileType = wrapper.application; includeInIndex = 0; path = classNotes.app; sourceTree = BUILT_PRODUCTS_DIR; };
		BB43C33D2AD04E9000084F19 /* AppDelegate.swift */ = {isa = PBXFileReference; lastKnownFileType = sourcecode.swift; path = AppDelegate.swift; sourceTree = "<group>"; };
		BB43C33F2AD04E9000084F19 /* SceneDelegate.swift */ = {isa = PBXFileReference; lastKnownFileType = sourcecode.swift; path = SceneDelegate.swift; sourceTree = "<group>"; };
		BB43C3412AD04E9000084F19 /* ViewController.swift */ = {isa = PBXFileReference; lastKnownFileType = sourcecode.swift; path = ViewController.swift; sourceTree = "<group>"; };
		BB43C3442AD04E9000084F19 /* Base */ = {isa = PBXFileReference; lastKnownFileType = file.storyboard; name = Base; path = Base.lproj/Main.storyboard; sourceTree = "<group>"; };
		BB43C3472AD04E9000084F19 /* classNotes.xcdatamodel */ = {isa = PBXFileReference; lastKnownFileType = wrapper.xcdatamodel; path = classNotes.xcdatamodel; sourceTree = "<group>"; };
		BB43C3492AD04E9100084F19 /* Assets.xcassets */ = {isa = PBXFileReference; lastKnownFileType = folder.assetcatalog; path = Assets.xcassets; sourceTree = "<group>"; };
		BB43C34C2AD04E9100084F19 /* Base */ = {isa = PBXFileReference; lastKnownFileType = file.storyboard; name = Base; path = Base.lproj/LaunchScreen.storyboard; sourceTree = "<group>"; };
		BB43C34E2AD04E9100084F19 /* Info.plist */ = {isa = PBXFileReference; lastKnownFileType = text.plist.xml; path = Info.plist; sourceTree = "<group>"; };
		BB43C3532AD04E9100084F19 /* classNotesTests.xctest */ = {isa = PBXFileReference; explicitFileType = wrapper.cfbundle; includeInIndex = 0; path = classNotesTests.xctest; sourceTree = BUILT_PRODUCTS_DIR; };
		BB43C3572AD04E9100084F19 /* classNotesTests.swift */ = {isa = PBXFileReference; lastKnownFileType = sourcecode.swift; path = classNotesTests.swift; sourceTree = "<group>"; };
		BB43C35D2AD04E9100084F19 /* classNotesUITests.xctest */ = {isa = PBXFileReference; explicitFileType = wrapper.cfbundle; includeInIndex = 0; path = classNotesUITests.xctest; sourceTree = BUILT_PRODUCTS_DIR; };
		BB43C3612AD04E9100084F19 /* classNotesUITests.swift */ = {isa = PBXFileReference; lastKnownFileType = sourcecode.swift; path = classNotesUITests.swift; sourceTree = "<group>"; };
		BB43C3632AD04E9100084F19 /* classNotesUITestsLaunchTests.swift */ = {isa = PBXFileReference; lastKnownFileType = sourcecode.swift; path = classNotesUITestsLaunchTests.swift; sourceTree = "<group>"; };
/* End PBXFileReference section */

/* Begin PBXFrameworksBuildPhase section */
		BB43C3372AD04E9000084F19 /* Frameworks */ = {
			isa = PBXFrameworksBuildPhase;
			buildActionMask = 2147483647;
			files = (
			);
			runOnlyForDeploymentPostprocessing = 0;
		};
		BB43C3502AD04E9100084F19 /* Frameworks */ = {
			isa = PBXFrameworksBuildPhase;
			buildActionMask = 2147483647;
			files = (
			);
			runOnlyForDeploymentPostprocessing = 0;
		};
		BB43C35A2AD04E9100084F19 /* Frameworks */ = {
			isa = PBXFrameworksBuildPhase;
			buildActionMask = 2147483647;
			files = (
			);
			runOnlyForDeploymentPostprocessing = 0;
		};
/* End PBXFrameworksBuildPhase section */

/* Begin PBXGroup section */
		BB43C3312AD04E9000084F19 = {
			isa = PBXGroup;
			children = (
				BB43C33C2AD04E9000084F19 /* classNotes */,
				BB43C3562AD04E9100084F19 /* classNotesTests */,
				BB43C3602AD04E9100084F19 /* classNotesUITests */,
				BB43C33B2AD04E9000084F19 /* Products */,
			);
			sourceTree = "<group>";
		};
		BB43C33B2AD04E9000084F19 /* Products */ = {
			isa = PBXGroup;
			children = (
				BB43C33A2AD04E9000084F19 /* classNotes.app */,
				BB43C3532AD04E9100084F19 /* classNotesTests.xctest */,
				BB43C35D2AD04E9100084F19 /* classNotesUITests.xctest */,
			);
			name = Products;
			sourceTree = "<group>";
		};
		BB43C33C2AD04E9000084F19 /* classNotes */ = {
			isa = PBXGroup;
			children = (
				BB43C33D2AD04E9000084F19 /* AppDelegate.swift */,
				BB43C33F2AD04E9000084F19 /* SceneDelegate.swift */,
				BB43C3412AD04E9000084F19 /* ViewController.swift */,
				BB43C3432AD04E9000084F19 /* Main.storyboard */,
				BB43C3492AD04E9100084F19 /* Assets.xcassets */,
				BB43C34B2AD04E9100084F19 /* LaunchScreen.storyboard */,
				BB43C34E2AD04E9100084F19 /* Info.plist */,
				BB43C3462AD04E9000084F19 /* classNotes.xcdatamodeld */,
			);
			path = classNotes;
			sourceTree = "<group>";
		};
		BB43C3562AD04E9100084F19 /* classNotesTests */ = {
			isa = PBXGroup;
			children = (
				BB43C3572AD04E9100084F19 /* classNotesTests.swift */,
			);
			path = classNotesTests;
			sourceTree = "<group>";
		};
		BB43C3602AD04E9100084F19 /* classNotesUITests */ = {
			isa = PBXGroup;
			children = (
				BB43C3612AD04E9100084F19 /* classNotesUITests.swift */,
				BB43C3632AD04E9100084F19 /* classNotesUITestsLaunchTests.swift */,
			);
			path = classNotesUITests;
			sourceTree = "<group>";
		};
/* End PBXGroup section */

/* Begin PBXNativeTarget section */
		BB43C3392AD04E9000084F19 /* classNotes */ = {
			isa = PBXNativeTarget;
			buildConfigurationList = BB43C3672AD04E9100084F19 /* Build configuration list for PBXNativeTarget "classNotes" */;
			buildPhases = (
				BB43C3362AD04E9000084F19 /* Sources */,
				BB43C3372AD04E9000084F19 /* Frameworks */,
				BB43C3382AD04E9000084F19 /* Resources */,
			);
			buildRules = (
			);
			dependencies = (
			);
			name = classNotes;
			productName = classNotes;
			productReference = BB43C33A2AD04E9000084F19 /* classNotes.app */;
			productType = "com.apple.product-type.application";
		};
		BB43C3522AD04E9100084F19 /* classNotesTests */ = {
			isa = PBXNativeTarget;
			buildConfigurationList = BB43C36A2AD04E9100084F19 /* Build configuration list for PBXNativeTarget "classNotesTests" */;
			buildPhases = (
				BB43C34F2AD04E9100084F19 /* Sources */,
				BB43C3502AD04E9100084F19 /* Frameworks */,
				BB43C3512AD04E9100084F19 /* Resources */,
			);
			buildRules = (
			);
			dependencies = (
				BB43C3552AD04E9100084F19 /* PBXTargetDependency */,
			);
			name = classNotesTests;
			productName = classNotesTests;
			productReference = BB43C3532AD04E9100084F19 /* classNotesTests.xctest */;
			productType = "com.apple.product-type.bundle.unit-test";
		};
		BB43C35C2AD04E9100084F19 /* classNotesUITests */ = {
			isa = PBXNativeTarget;
			buildConfigurationList = BB43C36D2AD04E9100084F19 /* Build configuration list for PBXNativeTarget "classNotesUITests" */;
			buildPhases = (
				BB43C3592AD04E9100084F19 /* Sources */,
				BB43C35A2AD04E9100084F19 /* Frameworks */,
				BB43C35B2AD04E9100084F19 /* Resources */,
			);
			buildRules = (
			);
			dependencies = (
				BB43C35F2AD04E9100084F19 /* PBXTargetDependency */,
			);
			name = classNotesUITests;
			productName = classNotesUITests;
			productReference = BB43C35D2AD04E9100084F19 /* classNotesUITests.xctest */;
			productType = "com.apple.product-type.bundle.ui-testing";
		};
/* End PBXNativeTarget section */

/* Begin PBXProject section */
		BB43C3322AD04E9000084F19 /* Project object */ = {
			isa = PBXProject;
			attributes = {
				BuildIndependentTargetsInParallel = 1;
				LastSwiftUpdateCheck = 1430;
				LastUpgradeCheck = 1430;
				TargetAttributes = {
					BB43C3392AD04E9000084F19 = {
						CreatedOnToolsVersion = 14.3.1;
					};
					BB43C3522AD04E9100084F19 = {
						CreatedOnToolsVersion = 14.3.1;
						TestTargetID = BB43C3392AD04E9000084F19;
					};
					BB43C35C2AD04E9100084F19 = {
						CreatedOnToolsVersion = 14.3.1;
						TestTargetID = BB43C3392AD04E9000084F19;
					};
				};
			};
			buildConfigurationList = BB43C3352AD04E9000084F19 /* Build configuration list for PBXProject "classNotes" */;
			compatibilityVersion = "Xcode 14.0";
			developmentRegion = en;
			hasScannedForEncodings = 0;
			knownRegions = (
				en,
				Base,
			);
			mainGroup = BB43C3312AD04E9000084F19;
			productRefGroup = BB43C33B2AD04E9000084F19 /* Products */;
			projectDirPath = "";
			projectRoot = "";
			targets = (
				BB43C3392AD04E9000084F19 /* classNotes */,
				BB43C3522AD04E9100084F19 /* classNotesTests */,
				BB43C35C2AD04E9100084F19 /* classNotesUITests */,
			);
		};
/* End PBXProject section */

/* Begin PBXResourcesBuildPhase section */
		BB43C3382AD04E9000084F19 /* Resources */ = {
			isa = PBXResourcesBuildPhase;
			buildActionMask = 2147483647;
			files = (
				BB43C34D2AD04E9100084F19 /* LaunchScreen.storyboard in Resources */,
				BB43C34A2AD04E9100084F19 /* Assets.xcassets in Resources */,
				BB43C3452AD04E9000084F19 /* Main.storyboard in Resources */,
			);
			runOnlyForDeploymentPostprocessing = 0;
		};
		BB43C3512AD04E9100084F19 /* Resources */ = {
			isa = PBXResourcesBuildPhase;
			buildActionMask = 2147483647;
			files = (
			);
			runOnlyForDeploymentPostprocessing = 0;
		};
		BB43C35B2AD04E9100084F19 /* Resources */ = {
			isa = PBXResourcesBuildPhase;
			buildActionMask = 2147483647;
			files = (
			);
			runOnlyForDeploymentPostprocessing = 0;
		};
/* End PBXResourcesBuildPhase section */

/* Begin PBXSourcesBuildPhase section */
		BB43C3362AD04E9000084F19 /* Sources */ = {
			isa = PBXSourcesBuildPhase;
			buildActionMask = 2147483647;
			files = (
				BB43C3422AD04E9000084F19 /* ViewController.swift in Sources */,
				BB43C33E2AD04E9000084F19 /* AppDelegate.swift in Sources */,
				BB43C3482AD04E9000084F19 /* classNotes.xcdatamodeld in Sources */,
				BB43C3402AD04E9000084F19 /* SceneDelegate.swift in Sources */,
			);
			runOnlyForDeploymentPostprocessing = 0;
		};
		BB43C34F2AD04E9100084F19 /* Sources */ = {
			isa = PBXSourcesBuildPhase;
			buildActionMask = 2147483647;
			files = (
				BB43C3582AD04E9100084F19 /* classNotesTests.swift in Sources */,
			);
			runOnlyForDeploymentPostprocessing = 0;
		};
		BB43C3592AD04E9100084F19 /* Sources */ = {
			isa = PBXSourcesBuildPhase;
			buildActionMask = 2147483647;
			files = (
				BB43C3622AD04E9100084F19 /* classNotesUITests.swift in Sources */,
				BB43C3642AD04E9100084F19 /* classNotesUITestsLaunchTests.swift in Sources */,
			);
			runOnlyForDeploymentPostprocessing = 0;
		};
/* End PBXSourcesBuildPhase section */

/* Begin PBXTargetDependency section */
		BB43C3552AD04E9100084F19 /* PBXTargetDependency */ = {
			isa = PBXTargetDependency;
			target = BB43C3392AD04E9000084F19 /* classNotes */;
			targetProxy = BB43C3542AD04E9100084F19 /* PBXContainerItemProxy */;
		};
		BB43C35F2AD04E9100084F19 /* PBXTargetDependency */ = {
			isa = PBXTargetDependency;
			target = BB43C3392AD04E9000084F19 /* classNotes */;
			targetProxy = BB43C35E2AD04E9100084F19 /* PBXContainerItemProxy */;
		};
/* End PBXTargetDependency section */

/* Begin PBXVariantGroup section */
		BB43C3432AD04E9000084F19 /* Main.storyboard */ = {
			isa = PBXVariantGroup;
			children = (
				BB43C3442AD04E9000084F19 /* Base */,
			);
			name = Main.storyboard;
			sourceTree = "<group>";
		};
		BB43C34B2AD04E9100084F19 /* LaunchScreen.storyboard */ = {
			isa = PBXVariantGroup;
			children = (
				BB43C34C2AD04E9100084F19 /* Base */,
			);
			name = LaunchScreen.storyboard;
			sourceTree = "<group>";
		};
/* End PBXVariantGroup section */

/* Begin XCBuildConfiguration section */
		BB43C3652AD04E9100084F19 /* Debug */ = {
			isa = XCBuildConfiguration;
			buildSettings = {
				ALWAYS_SEARCH_USER_PATHS = NO;
				CLANG_ANALYZER_NONNULL = YES;
				CLANG_ANALYZER_NUMBER_OBJECT_CONVERSION = YES_AGGRESSIVE;
				CLANG_CXX_LANGUAGE_STANDARD = "gnu++20";
				CLANG_ENABLE_MODULES = YES;
				CLANG_ENABLE_OBJC_ARC = YES;
				CLANG_ENABLE_OBJC_WEAK = YES;
				CLANG_WARN_BLOCK_CAPTURE_AUTORELEASING = YES;
				CLANG_WARN_BOOL_CONVERSION = YES;
				CLANG_WARN_COMMA = YES;
				CLANG_WARN_CONSTANT_CONVERSION = YES;
				CLANG_WARN_DEPRECATED_OBJC_IMPLEMENTATIONS = YES;
				CLANG_WARN_DIRECT_OBJC_ISA_USAGE = YES_ERROR;
				CLANG_WARN_DOCUMENTATION_COMMENTS = YES;
				CLANG_WARN_EMPTY_BODY = YES;
				CLANG_WARN_ENUM_CONVERSION = YES;
				CLANG_WARN_INFINITE_RECURSION = YES;
				CLANG_WARN_INT_CONVERSION = YES;
				CLANG_WARN_NON_LITERAL_NULL_CONVERSION = YES;
				CLANG_WARN_OBJC_IMPLICIT_RETAIN_SELF = YES;
				CLANG_WARN_OBJC_LITERAL_CONVERSION = YES;
				CLANG_WARN_OBJC_ROOT_CLASS = YES_ERROR;
				CLANG_WARN_QUOTED_INCLUDE_IN_FRAMEWORK_HEADER = YES;
				CLANG_WARN_RANGE_LOOP_ANALYSIS = YES;
				CLANG_WARN_STRICT_PROTOTYPES = YES;
				CLANG_WARN_SUSPICIOUS_MOVE = YES;
				CLANG_WARN_UNGUARDED_AVAILABILITY = YES_AGGRESSIVE;
				CLANG_WARN_UNREACHABLE_CODE = YES;
				CLANG_WARN__DUPLICATE_METHOD_MATCH = YES;
				COPY_PHASE_STRIP = NO;
				DEBUG_INFORMATION_FORMAT = dwarf;
				ENABLE_STRICT_OBJC_MSGSEND = YES;
				ENABLE_TESTABILITY = YES;
				GCC_C_LANGUAGE_STANDARD = gnu11;
				GCC_DYNAMIC_NO_PIC = NO;
				GCC_NO_COMMON_BLOCKS = YES;
				GCC_OPTIMIZATION_LEVEL = 0;
				GCC_PREPROCESSOR_DEFINITIONS = (
					"DEBUG=1",
					"$(inherited)",
				);
				GCC_WARN_64_TO_32_BIT_CONVERSION = YES;
				GCC_WARN_ABOUT_RETURN_TYPE = YES_ERROR;
				GCC_WARN_UNDECLARED_SELECTOR = YES;
				GCC_WARN_UNINITIALIZED_AUTOS = YES_AGGRESSIVE;
				GCC_WARN_UNUSED_FUNCTION = YES;
				GCC_WARN_UNUSED_VARIABLE = YES;
				IPHONEOS_DEPLOYMENT_TARGET = 16.4;
				MTL_ENABLE_DEBUG_INFO = INCLUDE_SOURCE;
				MTL_FAST_MATH = YES;
				ONLY_ACTIVE_ARCH = YES;
				SDKROOT = iphoneos;
				SWIFT_ACTIVE_COMPILATION_CONDITIONS = DEBUG;
				SWIFT_OPTIMIZATION_LEVEL = "-Onone";
			};
			name = Debug;
		};
		BB43C3662AD04E9100084F19 /* Release */ = {
			isa = XCBuildConfiguration;
			buildSettings = {
				ALWAYS_SEARCH_USER_PATHS = NO;
				CLANG_ANALYZER_NONNULL = YES;
				CLANG_ANALYZER_NUMBER_OBJECT_CONVERSION = YES_AGGRESSIVE;
				CLANG_CXX_LANGUAGE_STANDARD = "gnu++20";
				CLANG_ENABLE_MODULES = YES;
				CLANG_ENABLE_OBJC_ARC = YES;
				CLANG_ENABLE_OBJC_WEAK = YES;
				CLANG_WARN_BLOCK_CAPTURE_AUTORELEASING = YES;
				CLANG_WARN_BOOL_CONVERSION = YES;
				CLANG_WARN_COMMA = YES;
				CLANG_WARN_CONSTANT_CONVERSION = YES;
				CLANG_WARN_DEPRECATED_OBJC_IMPLEMENTATIONS = YES;
				CLANG_WARN_DIRECT_OBJC_ISA_USAGE = YES_ERROR;
				CLANG_WARN_DOCUMENTATION_COMMENTS = YES;
				CLANG_WARN_EMPTY_BODY = YES;
				CLANG_WARN_ENUM_CONVERSION = YES;
				CLANG_WARN_INFINITE_RECURSION = YES;
				CLANG_WARN_INT_CONVERSION = YES;
				CLANG_WARN_NON_LITERAL_NULL_CONVERSION = YES;
				CLANG_WARN_OBJC_IMPLICIT_RETAIN_SELF = YES;
				CLANG_WARN_OBJC_LITERAL_CONVERSION = YES;
				CLANG_WARN_OBJC_ROOT_CLASS = YES_ERROR;
				CLANG_WARN_QUOTED_INCLUDE_IN_FRAMEWORK_HEADER = YES;
				CLANG_WARN_RANGE_LOOP_ANALYSIS = YES;
				CLANG_WARN_STRICT_PROTOTYPES = YES;
				CLANG_WARN_SUSPICIOUS_MOVE = YES;
				CLANG_WARN_UNGUARDED_AVAILABILITY = YES_AGGRESSIVE;
				CLANG_WARN_UNREACHABLE_CODE = YES;
				CLANG_WARN__DUPLICATE_METHOD_MATCH = YES;
				COPY_PHASE_STRIP = NO;
				DEBUG_INFORMATION_FORMAT = "dwarf-with-dsym";
				ENABLE_NS_ASSERTIONS = NO;
				ENABLE_STRICT_OBJC_MSGSEND = YES;
				GCC_C_LANGUAGE_STANDARD = gnu11;
				GCC_NO_COMMON_BLOCKS = YES;
				GCC_WARN_64_TO_32_BIT_CONVERSION = YES;
				GCC_WARN_ABOUT_RETURN_TYPE = YES_ERROR;
				GCC_WARN_UNDECLARED_SELECTOR = YES;
				GCC_WARN_UNINITIALIZED_AUTOS = YES_AGGRESSIVE;
				GCC_WARN_UNUSED_FUNCTION = YES;
				GCC_WARN_UNUSED_VARIABLE = YES;
				IPHONEOS_DEPLOYMENT_TARGET = 16.4;
				MTL_ENABLE_DEBUG_INFO = NO;
				MTL_FAST_MATH = YES;
				SDKROOT = iphoneos;
				SWIFT_COMPILATION_MODE = wholemodule;
				SWIFT_OPTIMIZATION_LEVEL = "-O";
				VALIDATE_PRODUCT = YES;
			};
			name = Release;
		};
		BB43C3682AD04E9100084F19 /* Debug */ = {
			isa = XCBuildConfiguration;
			buildSettings = {
				ASSETCATALOG_COMPILER_APPICON_NAME = AppIcon;
				ASSETCATALOG_COMPILER_GLOBAL_ACCENT_COLOR_NAME = AccentColor;
				CODE_SIGN_STYLE = Automatic;
				CURRENT_PROJECT_VERSION = 1;
				DEVELOPMENT_TEAM = 34Y5C4NQG5;
				GENERATE_INFOPLIST_FILE = YES;
				INFOPLIST_FILE = classNotes/Info.plist;
				INFOPLIST_KEY_UIApplicationSupportsIndirectInputEvents = YES;
				INFOPLIST_KEY_UILaunchStoryboardName = LaunchScreen;
				INFOPLIST_KEY_UIMainStoryboardFile = Main;
				INFOPLIST_KEY_UISupportedInterfaceOrientations_iPad = "UIInterfaceOrientationPortrait UIInterfaceOrientationPortraitUpsideDown UIInterfaceOrientationLandscapeLeft UIInterfaceOrientationLandscapeRight";
				INFOPLIST_KEY_UISupportedInterfaceOrientations_iPhone = "UIInterfaceOrientationPortrait UIInterfaceOrientationLandscapeLeft UIInterfaceOrientationLandscapeRight";
				LD_RUNPATH_SEARCH_PATHS = (
					"$(inherited)",
					"@executable_path/Frameworks",
				);
				MARKETING_VERSION = 1.0;
				PRODUCT_BUNDLE_IDENTIFIER = clc.classNotes;
				PRODUCT_NAME = "$(TARGET_NAME)";
				SWIFT_EMIT_LOC_STRINGS = YES;
				SWIFT_VERSION = 5.0;
				TARGETED_DEVICE_FAMILY = "1,2";
			};
			name = Debug;
		};
		BB43C3692AD04E9100084F19 /* Release */ = {
			isa = XCBuildConfiguration;
			buildSettings = {
				ASSETCATALOG_COMPILER_APPICON_NAME = AppIcon;
				ASSETCATALOG_COMPILER_GLOBAL_ACCENT_COLOR_NAME = AccentColor;
				CODE_SIGN_STYLE = Automatic;
				CURRENT_PROJECT_VERSION = 1;
				DEVELOPMENT_TEAM = 34Y5C4NQG5;
				GENERATE_INFOPLIST_FILE = YES;
				INFOPLIST_FILE = classNotes/Info.plist;
				INFOPLIST_KEY_UIApplicationSupportsIndirectInputEvents = YES;
				INFOPLIST_KEY_UILaunchStoryboardName = LaunchScreen;
				INFOPLIST_KEY_UIMainStoryboardFile = Main;
				INFOPLIST_KEY_UISupportedInterfaceOrientations_iPad = "UIInterfaceOrientationPortrait UIInterfaceOrientationPortraitUpsideDown UIInterfaceOrientationLandscapeLeft UIInterfaceOrientationLandscapeRight";
				INFOPLIST_KEY_UISupportedInterfaceOrientations_iPhone = "UIInterfaceOrientationPortrait UIInterfaceOrientationLandscapeLeft UIInterfaceOrientationLandscapeRight";
				LD_RUNPATH_SEARCH_PATHS = (
					"$(inherited)",
					"@executable_path/Frameworks",
				);
				MARKETING_VERSION = 1.0;
				PRODUCT_BUNDLE_IDENTIFIER = clc.classNotes;
				PRODUCT_NAME = "$(TARGET_NAME)";
				SWIFT_EMIT_LOC_STRINGS = YES;
				SWIFT_VERSION = 5.0;
				TARGETED_DEVICE_FAMILY = "1,2";
			};
			name = Release;
		};
		BB43C36B2AD04E9100084F19 /* Debug */ = {
			isa = XCBuildConfiguration;
			buildSettings = {
				ALWAYS_EMBED_SWIFT_STANDARD_LIBRARIES = YES;
				BUNDLE_LOADER = "$(TEST_HOST)";
				CODE_SIGN_STYLE = Automatic;
				CURRENT_PROJECT_VERSION = 1;
				DEVELOPMENT_TEAM = 34Y5C4NQG5;
				GENERATE_INFOPLIST_FILE = YES;
				IPHONEOS_DEPLOYMENT_TARGET = 16.4;
				MARKETING_VERSION = 1.0;
				PRODUCT_BUNDLE_IDENTIFIER = clc.classNotesTests;
				PRODUCT_NAME = "$(TARGET_NAME)";
				SWIFT_EMIT_LOC_STRINGS = NO;
				SWIFT_VERSION = 5.0;
				TARGETED_DEVICE_FAMILY = "1,2";
				TEST_HOST = "$(BUILT_PRODUCTS_DIR)/classNotes.app/$(BUNDLE_EXECUTABLE_FOLDER_PATH)/classNotes";
			};
			name = Debug;
		};
		BB43C36C2AD04E9100084F19 /* Release */ = {
			isa = XCBuildConfiguration;
			buildSettings = {
				ALWAYS_EMBED_SWIFT_STANDARD_LIBRARIES = YES;
				BUNDLE_LOADER = "$(TEST_HOST)";
				CODE_SIGN_STYLE = Automatic;
				CURRENT_PROJECT_VERSION = 1;
				DEVELOPMENT_TEAM = 34Y5C4NQG5;
				GENERATE_INFOPLIST_FILE = YES;
				IPHONEOS_DEPLOYMENT_TARGET = 16.4;
				MARKETING_VERSION = 1.0;
				PRODUCT_BUNDLE_IDENTIFIER = clc.classNotesTests;
				PRODUCT_NAME = "$(TARGET_NAME)";
				SWIFT_EMIT_LOC_STRINGS = NO;
				SWIFT_VERSION = 5.0;
				TARGETED_DEVICE_FAMILY = "1,2";
				TEST_HOST = "$(BUILT_PRODUCTS_DIR)/classNotes.app/$(BUNDLE_EXECUTABLE_FOLDER_PATH)/classNotes";
			};
			name = Release;
		};
		BB43C36E2AD04E9100084F19 /* Debug */ = {
			isa = XCBuildConfiguration;
			buildSettings = {
				ALWAYS_EMBED_SWIFT_STANDARD_LIBRARIES = YES;
				CODE_SIGN_STYLE = Automatic;
				CURRENT_PROJECT_VERSION = 1;
				DEVELOPMENT_TEAM = 34Y5C4NQG5;
				GENERATE_INFOPLIST_FILE = YES;
				MARKETING_VERSION = 1.0;
				PRODUCT_BUNDLE_IDENTIFIER = clc.classNotesUITests;
				PRODUCT_NAME = "$(TARGET_NAME)";
				SWIFT_EMIT_LOC_STRINGS = NO;
				SWIFT_VERSION = 5.0;
				TARGETED_DEVICE_FAMILY = "1,2";
				TEST_TARGET_NAME = classNotes;
			};
			name = Debug;
		};
		BB43C36F2AD04E9100084F19 /* Release */ = {
			isa = XCBuildConfiguration;
			buildSettings = {
				ALWAYS_EMBED_SWIFT_STANDARD_LIBRARIES = YES;
				CODE_SIGN_STYLE = Automatic;
				CURRENT_PROJECT_VERSION = 1;
				DEVELOPMENT_TEAM = 34Y5C4NQG5;
				GENERATE_INFOPLIST_FILE = YES;
				MARKETING_VERSION = 1.0;
				PRODUCT_BUNDLE_IDENTIFIER = clc.classNotesUITests;
				PRODUCT_NAME = "$(TARGET_NAME)";
				SWIFT_EMIT_LOC_STRINGS = NO;
				SWIFT_VERSION = 5.0;
				TARGETED_DEVICE_FAMILY = "1,2";
				TEST_TARGET_NAME = classNotes;
			};
			name = Release;
		};
/* End XCBuildConfiguration section */

/* Begin XCConfigurationList section */
		BB43C3352AD04E9000084F19 /* Build configuration list for PBXProject "classNotes" */ = {
			isa = XCConfigurationList;
			buildConfigurations = (
				BB43C3652AD04E9100084F19 /* Debug */,
				BB43C3662AD04E9100084F19 /* Release */,
			);
			defaultConfigurationIsVisible = 0;
			defaultConfigurationName = Release;
		};
		BB43C3672AD04E9100084F19 /* Build configuration list for PBXNativeTarget "classNotes" */ = {
			isa = XCConfigurationList;
			buildConfigurations = (
				BB43C3682AD04E9100084F19 /* Debug */,
				BB43C3692AD04E9100084F19 /* Release */,
			);
			defaultConfigurationIsVisible = 0;
			defaultConfigurationName = Release;
		};
		BB43C36A2AD04E9100084F19 /* Build configuration list for PBXNativeTarget "classNotesTests" */ = {
			isa = XCConfigurationList;
			buildConfigurations = (
				BB43C36B2AD04E9100084F19 /* Debug */,
				BB43C36C2AD04E9100084F19 /* Release */,
			);
			defaultConfigurationIsVisible = 0;
			defaultConfigurationName = Release;
		};
		BB43C36D2AD04E9100084F19 /* Build configuration list for PBXNativeTarget "classNotesUITests" */ = {
			isa = XCConfigurationList;
			buildConfigurations = (
				BB43C36E2AD04E9100084F19 /* Debug */,
				BB43C36F2AD04E9100084F19 /* Release */,
			);
			defaultConfigurationIsVisible = 0;
			defaultConfigurationName = Release;
		};
/* End XCConfigurationList section */

/* Begin XCVersionGroup section */
		BB43C3462AD04E9000084F19 /* classNotes.xcdatamodeld */ = {
			isa = XCVersionGroup;
			children = (
				BB43C3472AD04E9000084F19 /* classNotes.xcdatamodel */,
			);
			currentVersion = BB43C3472AD04E9000084F19 /* classNotes.xcdatamodel */;
			path = classNotes.xcdatamodeld;
			sourceTree = "<group>";
			versionGroupType = wrapper.xcdatamodel;
		};
/* End XCVersionGroup section */
	};
	rootObject = BB43C3322AD04E9000084F19 /* Project object */;
}
